
Microsoft Visual Studio Solution File, Format Version 12.00
# Visual Studio Version 17
VisualStudioVersion = 17.10.35013.160
MinimumVisualStudioVersion = 10.0.40219.1
Project("{FAE04EC0-301F-11D3-BF4B-00C04F79EFBC}") = "Biba27", "Biba27.csproj", "{40055FBB-456C-4C95-A0E6-B6C0440973D2}"
EndProject
Global
	GlobalSection(SolutionConfigurationPlatforms) = preSolution
		Debug|Any CPU = Debug|Any CPU
		Release|Any CPU = Release|Any CPU
	EndGlobalSection
	GlobalSection(ProjectConfigurationPlatforms) = postSolution
		{40055FBB-456C-4C95-A0E6-B6C0440973D2}.Debug|Any CPU.ActiveCfg = Debug|Any CPU
		{40055FBB-456C-4C95-A0E6-B6C0440973D2}.Debug|Any CPU.Build.0 = Debug|Any CPU
		{40055FBB-456C-4C95-A0E6-B6C0440973D2}.Release|Any CPU.ActiveCfg = Release|Any CPU
		{40055FBB-456C-4C95-A0E6-B6C0440973D2}.Release|Any CPU.Build.0 = Release|Any CPU
	EndGlobalSection
	GlobalSection(SolutionProperties) = preSolution
		HideSolutionNode = FALSE
	EndGlobalSection
	GlobalSection(ExtensibilityGlobals) = postSolution
		SolutionGuid = {FF75B4F6-5D01-4A98-88F5-6195FF9029BC}
	EndGlobalSection
EndGlobal
